PODS:
  - Flutter (1.0.0)
  - p24_sdk (0.0.1):
    - Flutter

DEPENDENCIES:
  - Flutter (from `Flutter`)
  - p24_sdk (from `.symlinks/plugins/p24_sdk/ios`)

EXTERNAL SOURCES:
  Flutter:
    :path: Flutter
  p24_sdk:
    :path: ".symlinks/plugins/p24_sdk/ios"

SPEC CHECKSUMS:
  Flutter: 50d75fe2f02b26cc09d224853bb45737f8b3214a
  p24_sdk: 878c71e9c9e248346f1061f4b2548496a575ebec

PODFILE CHECKSUM: 7368163408c647b7eb699d0d788ba6718e18fb8d

COCOAPODS: 1.11.2
