PODS:
  - Flutter (1.0.0)
  - p24_sdk (0.0.1):
    - Flutter

DEPENDENCIES:
  - Flutter (from `Flutter`)
  - p24_sdk (from `.symlinks/plugins/p24_sdk/ios`)

EXTERNAL SOURCES:
  Flutter:
    :path: Flutter
  p24_sdk:
    :path: ".symlinks/plugins/p24_sdk/ios"

SPEC CHECKSUMS:
  Flutter: cabc95a1d2626b1b06e7179b784ebcf0c0cde467
  p24_sdk: 72313716126a48a073cc2111076502e338d280bc

PODFILE CHECKSUM: cc1f88378b4bfcf93a6ce00d2c587857c6008d3b

COCOAPODS: 1.16.2
